Microsoft Visual Studio Solution File, Format Version 12.00
# Visual Studio Version 17
VisualStudioVersion = 17.5.2.0
MinimumVisualStudioVersion = 10.0.40219.1
Project("{FAE04EC0-301F-11D3-BF4B-00C04F79EFBC}") = "TeamGrid.Migrator", "TeamGrid.Migrator.csproj", "{5BA4A3AF-A774-C19A-E0B6-D9946CF2FBC1}"
EndProject
Global
	GlobalSection(SolutionConfigurationPlatforms) = preSolution
		Debug|Any CPU = Debug|Any CPU
		Release|Any CPU = Release|Any CPU
	EndGlobalSection
	GlobalSection(ProjectConfigurationPlatforms) = postSolution
		{5BA4A3AF-A774-C19A-E0B6-D9946CF2FBC1}.Debug|Any CPU.ActiveCfg = Debug|Any CPU
		{5BA4A3AF-A774-C19A-E0B6-D9946CF2FBC1}.Debug|Any CPU.Build.0 = Debug|Any CPU
		{5BA4A3AF-A774-C19A-E0B6-D9946CF2FBC1}.Release|Any CPU.ActiveCfg = Release|Any CPU
		{5BA4A3AF-A774-C19A-E0B6-D9946CF2FBC1}.Release|Any CPU.Build.0 = Release|Any CPU
	EndGlobalSection
	GlobalSection(SolutionProperties) = preSolution
		HideSolutionNode = FALSE
	EndGlobalSection
	GlobalSection(ExtensibilityGlobals) = postSolution
		SolutionGuid = {4E87ADFC-5BF0-4857-B323-851A22A2F71E}
	EndGlobalSection
EndGlobal
